// !$*UTF8*$!
{
	archiveVersion = 1;
	classes = {
	};
	objectVersion = 51;
	objects = {

/* Begin PBXBuildFile section */
		17FD00FB60C9BE8E13769013 /* Extension.Foundation.swift in Sources */ = {isa = PBXBuildFile; fileRef = 17FD00D5D59A384D01AED833 /* Extension.Foundation.swift */; };
		17FD01A2C7D2CE9528442427 /* Observation.swift in Sources */ = {isa = PBXBuildFile; fileRef = 17FD02EC39B4BE3FF495E5A0 /* Observation.swift */; };
		17FD0695A84D0D383F5DFA07 /* Property.swift in Sources */ = {isa = PBXBuildFile; fileRef = 17FD0DCEE66390D549A99141 /* Property.swift */; };
		17FD0767F49FC5D194BC7529 /* Extension.Reactive.swift in Sources */ = {isa = PBXBuildFile; fileRef = 17FD002F023FA8782AC485B5 /* Extension.Reactive.swift */; };
		17FD0872D7436FDDEED989DD /* Disposable.swift in Sources */ = {isa = PBXBuildFile; fileRef = 17FD0ACF616620CA54136469 /* Disposable.swift */; };
		17FD0CDED6A76459779050C7 /* Extension.AppKit.swift in Sources */ = {isa = PBXBuildFile; fileRef = 17FD0C43ED368BC5BFA6F4F5 /* Extension.AppKit.swift */; };
		17FD0D3E67B3DB7D40B4E048 /* Test.swift in Sources */ = {isa = PBXBuildFile; fileRef = 17FD048EEFC4204D423669F8 /* Test.swift */; };
		E6188A9E22C7C0880034E471 /* Rex.framework in Frameworks */ = {isa = PBXBuildFile; fileRef = E6188A9422C7C0880034E471 /* Rex.framework */; };
/* End PBXBuildFile section */

/* Begin PBXContainerItemProxy section */
		E6188A9F22C7C0880034E471 /* PBXContainerItemProxy */ = {
			isa = PBXContainerItemProxy;
			containerPortal = E6188A8822C7BB250034E471 /* Project object */;
			proxyType = 1;
			remoteGlobalIDString = E6188A9322C7C0880034E471;
			remoteInfo = Rex;
		};
/* End PBXContainerItemProxy section */

/* Begin PBXFileReference section */
		17FD002F023FA8782AC485B5 /* Extension.Reactive.swift */ = {isa = PBXFileReference; fileEncoding = 4; lastKnownFileType = sourcecode.swift; path = Extension.Reactive.swift; sourceTree = "<group>"; };
		17FD00D5D59A384D01AED833 /* Extension.Foundation.swift */ = {isa = PBXFileReference; fileEncoding = 4; lastKnownFileType = sourcecode.swift; path = Extension.Foundation.swift; sourceTree = "<group>"; };
		17FD02EC39B4BE3FF495E5A0 /* Observation.swift */ = {isa = PBXFileReference; fileEncoding = 4; lastKnownFileType = sourcecode.swift; path = Observation.swift; sourceTree = "<group>"; };
		17FD03D96CD33E1B243C997C /* test.plist */ = {isa = PBXFileReference; fileEncoding = 4; lastKnownFileType = text.plist; path = test.plist; sourceTree = "<group>"; };
		17FD0486C6052580C9CA64C9 /* framework.plist */ = {isa = PBXFileReference; fileEncoding = 4; lastKnownFileType = text.plist; path = framework.plist; sourceTree = "<group>"; };
		17FD048EEFC4204D423669F8 /* Test.swift */ = {isa = PBXFileReference; fileEncoding = 4; lastKnownFileType = sourcecode.swift; path = Test.swift; sourceTree = "<group>"; };
		17FD0956E5A7CF91D60FE309 /* Cartfile.resolved */ = {isa = PBXFileReference; lastKnownFileType = file.resolved; path = Cartfile.resolved; sourceTree = SOURCE_ROOT; };
		17FD0ACF616620CA54136469 /* Disposable.swift */ = {isa = PBXFileReference; fileEncoding = 4; lastKnownFileType = sourcecode.swift; path = Disposable.swift; sourceTree = "<group>"; };
		17FD0C43ED368BC5BFA6F4F5 /* Extension.AppKit.swift */ = {isa = PBXFileReference; fileEncoding = 4; lastKnownFileType = sourcecode.swift; path = Extension.AppKit.swift; sourceTree = "<group>"; };
		17FD0DCEE66390D549A99141 /* Property.swift */ = {isa = PBXFileReference; fileEncoding = 4; lastKnownFileType = sourcecode.swift; path = Property.swift; sourceTree = "<group>"; };
		17FD0F993C06679B32AC2611 /* Cartfile.private */ = {isa = PBXFileReference; lastKnownFileType = file.private; path = Cartfile.private; sourceTree = SOURCE_ROOT; };
		17FD0FCB6FFAB97BD20D7406 /* Cartfile */ = {isa = PBXFileReference; fileEncoding = 4; lastKnownFileType = text; path = Cartfile; sourceTree = SOURCE_ROOT; };
		E6188A9422C7C0880034E471 /* Rex.framework */ = {isa = PBXFileReference; explicitFileType = wrapper.framework; includeInIndex = 0; path = Rex.framework; sourceTree = BUILT_PRODUCTS_DIR; };
		E6188A9D22C7C0880034E471 /* Rex-Test.xctest */ = {isa = PBXFileReference; explicitFileType = wrapper.cfbundle; includeInIndex = 0; path = "Rex-Test.xctest"; sourceTree = BUILT_PRODUCTS_DIR; };
		E6E037C324BE367400AE06EB /* macOS-Framework.xcconfig */ = {isa = PBXFileReference; lastKnownFileType = text.xcconfig; path = "macOS-Framework.xcconfig"; sourceTree = "<group>"; };
		E6E037C424BE367400AE06EB /* macOS-Test.xcconfig */ = {isa = PBXFileReference; lastKnownFileType = text.xcconfig; path = "macOS-Test.xcconfig"; sourceTree = "<group>"; };
		E6E037C524BE367400AE06EB /* Base-Debug.xcconfig */ = {isa = PBXFileReference; lastKnownFileType = text.xcconfig; path = "Base-Debug.xcconfig"; sourceTree = "<group>"; };
		E6E037C624BE367400AE06EB /* Base-Release.xcconfig */ = {isa = PBXFileReference; lastKnownFileType = text.xcconfig; path = "Base-Release.xcconfig"; sourceTree = "<group>"; };
		E6E037C724BE367400AE06EB /* Base.xcconfig */ = {isa = PBXFileReference; lastKnownFileType = text.xcconfig; path = Base.xcconfig; sourceTree = "<group>"; };
/* End PBXFileReference section */

/* Begin PBXFrameworksBuildPhase section */
		E6188A9122C7C0880034E471 /* Frameworks */ = {
			isa = PBXFrameworksBuildPhase;
			buildActionMask = 2147483647;
			files = (
			);
			runOnlyForDeploymentPostprocessing = 0;
		};
		E6188A9A22C7C0880034E471 /* Frameworks */ = {
			isa = PBXFrameworksBuildPhase;
			buildActionMask = 2147483647;
			files = (
				E6188A9E22C7C0880034E471 /* Rex.framework in Frameworks */,
			);
			runOnlyForDeploymentPostprocessing = 0;
		};
/* End PBXFrameworksBuildPhase section */

/* Begin PBXGroup section */
		17FD01A216BAA4B6535E71CF /* info */ = {
			isa = PBXGroup;
			children = (
				17FD03D96CD33E1B243C997C /* test.plist */,
				17FD0486C6052580C9CA64C9 /* framework.plist */,
			);
			path = info;
			sourceTree = "<group>";
		};
		17FD04C0CBE1EE65EAEDF024 /* source */ = {
			isa = PBXGroup;
			children = (
				17FD0ABA20BF827887152BC0 /* Rex */,
			);
			path = source;
			sourceTree = "<group>";
		};
		17FD06CD2B25A12116504B7D /* accessory */ = {
			isa = PBXGroup;
			children = (
				E6E037C124BE367400AE06EB /* configuration */,
				17FD01A216BAA4B6535E71CF /* info */,
			);
			path = accessory;
			sourceTree = "<group>";
		};
		17FD06FEE44FB4A2372F1E37 /* dependency */ = {
			isa = PBXGroup;
			children = (
				17FD0FCB6FFAB97BD20D7406 /* Cartfile */,
				17FD0F993C06679B32AC2611 /* Cartfile.private */,
				17FD0956E5A7CF91D60FE309 /* Cartfile.resolved */,
			);
			path = dependency;
			sourceTree = "<group>";
		};
		17FD0ABA20BF827887152BC0 /* Rex */ = {
			isa = PBXGroup;
			children = (
				17FD0B4B7801A1CD7B9AB010 /* Test */,
				17FD0ACF616620CA54136469 /* Disposable.swift */,
				17FD00D5D59A384D01AED833 /* Extension.Foundation.swift */,
				17FD002F023FA8782AC485B5 /* Extension.Reactive.swift */,
				17FD02EC39B4BE3FF495E5A0 /* Observation.swift */,
				17FD0DCEE66390D549A99141 /* Property.swift */,
				17FD0C43ED368BC5BFA6F4F5 /* Extension.AppKit.swift */,
			);
			path = Rex;
			sourceTree = "<group>";
		};
		17FD0B4B7801A1CD7B9AB010 /* Test */ = {
			isa = PBXGroup;
			children = (
				17FD048EEFC4204D423669F8 /* Test.swift */,
			);
			path = Test;
			sourceTree = "<group>";
		};
		E6188A8722C7BB250034E471 = {
			isa = PBXGroup;
			children = (
				17FD06CD2B25A12116504B7D /* accessory */,
				17FD06FEE44FB4A2372F1E37 /* dependency */,
				E6188A9522C7C0880034E471 /* product */,
				17FD04C0CBE1EE65EAEDF024 /* source */,
			);
			sourceTree = "<group>";
		};
		E6188A9522C7C0880034E471 /* product */ = {
			isa = PBXGroup;
			children = (
				E6188A9422C7C0880034E471 /* Rex.framework */,
				E6188A9D22C7C0880034E471 /* Rex-Test.xctest */,
			);
			name = product;
			sourceTree = "<group>";
		};
		E6E037C124BE367400AE06EB /* configuration */ = {
			isa = PBXGroup;
			children = (
				E6E037C724BE367400AE06EB /* Base.xcconfig */,
				E6E037C524BE367400AE06EB /* Base-Debug.xcconfig */,
				E6E037C624BE367400AE06EB /* Base-Release.xcconfig */,
				E6E037C324BE367400AE06EB /* macOS-Framework.xcconfig */,
				E6E037C424BE367400AE06EB /* macOS-Test.xcconfig */,
			);
			path = configuration;
			sourceTree = "<group>";
		};
/* End PBXGroup section */

/* Begin PBXHeadersBuildPhase section */
		E6188A8F22C7C0880034E471 /* Headers */ = {
			isa = PBXHeadersBuildPhase;
			buildActionMask = 2147483647;
			files = (
			);
			runOnlyForDeploymentPostprocessing = 0;
		};
/* End PBXHeadersBuildPhase section */

/* Begin PBXNativeTarget section */
		E6188A9322C7C0880034E471 /* Rex */ = {
			isa = PBXNativeTarget;
			buildConfigurationList = E6188AA622C7C0880034E471 /* Build configuration list for PBXNativeTarget "Rex" */;
			buildPhases = (
				E6188A8F22C7C0880034E471 /* Headers */,
				E6188A9022C7C0880034E471 /* Sources */,
				E6188A9122C7C0880034E471 /* Frameworks */,
			);
			buildRules = (
			);
			dependencies = (
			);
			name = Rex;
			productName = Rex;
			productReference = E6188A9422C7C0880034E471 /* Rex.framework */;
			productType = "com.apple.product-type.framework";
		};
		E6188A9C22C7C0880034E471 /* Rex-Test */ = {
			isa = PBXNativeTarget;
			buildConfigurationList = E6188AA922C7C0880034E471 /* Build configuration list for PBXNativeTarget "Rex-Test" */;
			buildPhases = (
				E6188A9922C7C0880034E471 /* Sources */,
				E6188A9A22C7C0880034E471 /* Frameworks */,
			);
			buildRules = (
			);
			dependencies = (
				E6188AA022C7C0880034E471 /* PBXTargetDependency */,
			);
			name = "Rex-Test";
			productName = RexTests;
			productReference = E6188A9D22C7C0880034E471 /* Rex-Test.xctest */;
			productType = "com.apple.product-type.bundle.unit-test";
		};
/* End PBXNativeTarget section */

/* Begin PBXProject section */
		E6188A8822C7BB250034E471 /* Project object */ = {
			isa = PBXProject;
			attributes = {
				LastSwiftUpdateCheck = 1020;
				LastUpgradeCheck = 1020;
				TargetAttributes = {
					E6188A9322C7C0880034E471 = {
						CreatedOnToolsVersion = 10.2.1;
					};
					E6188A9C22C7C0880034E471 = {
						CreatedOnToolsVersion = 10.2.1;
					};
				};
			};
			buildConfigurationList = E6188A8B22C7BB250034E471 /* Build configuration list for PBXProject "Rex" */;
			compatibilityVersion = "Xcode 10.0";
			developmentRegion = en;
			hasScannedForEncodings = 0;
			knownRegions = (
				en,
			);
			mainGroup = E6188A8722C7BB250034E471;
			productRefGroup = E6188A9522C7C0880034E471 /* product */;
			projectDirPath = "";
			projectRoot = "";
			targets = (
				E6188A9322C7C0880034E471 /* Rex */,
				E6188A9C22C7C0880034E471 /* Rex-Test */,
			);
		};
/* End PBXProject section */

/* Begin PBXSourcesBuildPhase section */
		E6188A9022C7C0880034E471 /* Sources */ = {
			isa = PBXSourcesBuildPhase;
			buildActionMask = 2147483647;
			files = (
				17FD0872D7436FDDEED989DD /* Disposable.swift in Sources */,
				17FD00FB60C9BE8E13769013 /* Extension.Foundation.swift in Sources */,
				17FD0767F49FC5D194BC7529 /* Extension.Reactive.swift in Sources */,
				17FD01A2C7D2CE9528442427 /* Observation.swift in Sources */,
				17FD0695A84D0D383F5DFA07 /* Property.swift in Sources */,
				17FD0CDED6A76459779050C7 /* Extension.AppKit.swift in Sources */,
			);
			runOnlyForDeploymentPostprocessing = 0;
		};
		E6188A9922C7C0880034E471 /* Sources */ = {
			isa = PBXSourcesBuildPhase;
			buildActionMask = 2147483647;
			files = (
				17FD0D3E67B3DB7D40B4E048 /* Test.swift in Sources */,
			);
			runOnlyForDeploymentPostprocessing = 0;
		};
/* End PBXSourcesBuildPhase section */

/* Begin PBXTargetDependency section */
		E6188AA022C7C0880034E471 /* PBXTargetDependency */ = {
			isa = PBXTargetDependency;
			target = E6188A9322C7C0880034E471 /* Rex */;
			targetProxy = E6188A9F22C7C0880034E471 /* PBXContainerItemProxy */;
		};
/* End PBXTargetDependency section */

/* Begin XCBuildConfiguration section */
		E6188A8C22C7BB250034E471 /* Debug */ = {
			isa = XCBuildConfiguration;
			baseConfigurationReference = E6E037C524BE367400AE06EB /* Base-Debug.xcconfig */;
			buildSettings = {
				FRAMEWORK_SEARCH_PATHS = "$(PROJECT_DIR)/Carthage/Build/Mac";
				MACOSX_DEPLOYMENT_TARGET = 10.12;
				PRODUCT_BUNDLE_IDENTIFIER = com.swifteroid.rex;
				SWIFT_VERSION = 5.0;
			};
			name = Debug;
		};
		E6188A8D22C7BB250034E471 /* Release */ = {
			isa = XCBuildConfiguration;
			baseConfigurationReference = E6E037C624BE367400AE06EB /* Base-Release.xcconfig */;
			buildSettings = {
				FRAMEWORK_SEARCH_PATHS = "$(PROJECT_DIR)/Carthage/Build/Mac";
				MACOSX_DEPLOYMENT_TARGET = 10.12;
				PRODUCT_BUNDLE_IDENTIFIER = com.swifteroid.rex;
				SWIFT_VERSION = 5.0;
			};
			name = Release;
		};
		E6188AA722C7C0880034E471 /* Debug */ = {
			isa = XCBuildConfiguration;
			baseConfigurationReference = E6E037C324BE367400AE06EB /* macOS-Framework.xcconfig */;
			buildSettings = {
			};
			name = Debug;
		};
		E6188AA822C7C0880034E471 /* Release */ = {
			isa = XCBuildConfiguration;
			baseConfigurationReference = E6E037C324BE367400AE06EB /* macOS-Framework.xcconfig */;
			buildSettings = {
			};
			name = Release;
		};
		E6188AAA22C7C0880034E471 /* Debug */ = {
			isa = XCBuildConfiguration;
			baseConfigurationReference = E6E037C424BE367400AE06EB /* macOS-Test.xcconfig */;
			buildSettings = {
				LD_RUNPATH_SEARCH_PATHS = (
					"$(inherited)",
					"$(FRAMEWORK_SEARCH_PATHS)",
				);
				PRODUCT_BUNDLE_IDENTIFIER = "$(inherited).test";
			};
			name = Debug;
		};
		E6188AAB22C7C0880034E471 /* Release */ = {
			isa = XCBuildConfiguration;
			baseConfigurationReference = E6E037C424BE367400AE06EB /* macOS-Test.xcconfig */;
			buildSettings = {
				LD_RUNPATH_SEARCH_PATHS = (
					"$(inherited)",
					"$(FRAMEWORK_SEARCH_PATHS)",
				);
				PRODUCT_BUNDLE_IDENTIFIER = "$(inherited).test";
			};
			name = Release;
		};
/* End XCBuildConfiguration section */

/* Begin XCConfigurationList section */
		E6188A8B22C7BB250034E471 /* Build configuration list for PBXProject "Rex" */ = {
			isa = XCConfigurationList;
			buildConfigurations = (
				E6188A8C22C7BB250034E471 /* Debug */,
				E6188A8D22C7BB250034E471 /* Release */,
			);
			defaultConfigurationIsVisible = 0;
			defaultConfigurationName = Release;
		};
		E6188AA622C7C0880034E471 /* Build configuration list for PBXNativeTarget "Rex" */ = {
			isa = XCConfigurationList;
			buildConfigurations = (
				E6188AA722C7C0880034E471 /* Debug */,
				E6188AA822C7C0880034E471 /* Release */,
			);
			defaultConfigurationIsVisible = 0;
			defaultConfigurationName = Release;
		};
		E6188AA922C7C0880034E471 /* Build configuration list for PBXNativeTarget "Rex-Test" */ = {
			isa = XCConfigurationList;
			buildConfigurations = (
				E6188AAA22C7C0880034E471 /* Debug */,
				E6188AAB22C7C0880034E471 /* Release */,
			);
			defaultConfigurationIsVisible = 0;
			defaultConfigurationName = Release;
		};
/* End XCConfigurationList section */
	};
	rootObject = E6188A8822C7BB250034E471 /* Project object */;
}
