// !$*UTF8*$!
{
	archiveVersion = 1;
	classes = {
	};
	objectVersion = 52;
	objects = {

/* Begin PBXBuildFile section */
		17FD02B47F39DBECF3F5D1F0 /* Observation.swift in Sources */ = {isa = PBXBuildFile; fileRef = 17FD08622BFAD446528AFE14 /* Observation.swift */; };
		17FD09C216EAD69BCBEB2924 /* Test.Property.swift in Sources */ = {isa = PBXBuildFile; fileRef = 17FD02F1B3BF33BEB60BABBD /* Test.Property.swift */; };
		17FD0DE9376496C0EA5DE476 /* Property.swift in Sources */ = {isa = PBXBuildFile; fileRef = 17FD0C2E393162A3DDB13D61 /* Property.swift */; };
		485723C42898618D00701FC7 /* ReactiveCocoa in Frameworks */ = {isa = PBXBuildFile; productRef = 485CBD5328985EB60029FDA7 /* ReactiveCocoa */; };
		485723C52898618D00701FC7 /* ReactiveSwift in Frameworks */ = {isa = PBXBuildFile; productRef = 48220B3428985F340092D36C /* ReactiveSwift */; };
		E6188A9E22C7C0880034E471 /* Rex.framework in Frameworks */ = {isa = PBXBuildFile; fileRef = E6188A9422C7C0880034E471 /* Rex.framework */; };
		E6690F7B25AC991900DFA311 /* Disposable.swift in Sources */ = {isa = PBXBuildFile; fileRef = 17FD0931D64C01B2E117B5BC /* Disposable.swift */; };
		E6690F8725AC992400DFA311 /* Extension.Foundation.swift in Sources */ = {isa = PBXBuildFile; fileRef = 17FD09BB22922D61FF70A075 /* Extension.Foundation.swift */; };
		E6690F8825AC992400DFA311 /* Extension.Reactive.swift in Sources */ = {isa = PBXBuildFile; fileRef = 17FD0EBE412B4174B99F4FB1 /* Extension.Reactive.swift */; };
		E6690F8925AC992400DFA311 /* Extension.AppKit.swift in Sources */ = {isa = PBXBuildFile; fileRef = 17FD0C9E6F41A30AA4EF6CE3 /* Extension.AppKit.swift */; };
		E690D134267D1F12002FD479 /* Nimble in Frameworks */ = {isa = PBXBuildFile; productRef = E690D133267D1F12002FD479 /* Nimble */; };
		E690D137267D1F2C002FD479 /* Quick in Frameworks */ = {isa = PBXBuildFile; productRef = E690D136267D1F2C002FD479 /* Quick */; };
/* End PBXBuildFile section */

/* Begin PBXContainerItemProxy section */
		E6188A9F22C7C0880034E471 /* PBXContainerItemProxy */ = {
			isa = PBXContainerItemProxy;
			containerPortal = E6188A8822C7BB250034E471 /* Project object */;
			proxyType = 1;
			remoteGlobalIDString = E6188A9322C7C0880034E471;
			remoteInfo = Rex;
		};
/* End PBXContainerItemProxy section */

/* Begin PBXFileReference section */
		17FD02F1B3BF33BEB60BABBD /* Test.Property.swift */ = {isa = PBXFileReference; fileEncoding = 4; lastKnownFileType = sourcecode.swift; path = Test.Property.swift; sourceTree = "<group>"; };
		17FD03D96CD33E1B243C997C /* test.plist */ = {isa = PBXFileReference; fileEncoding = 4; lastKnownFileType = text.plist; path = test.plist; sourceTree = "<group>"; };
		17FD0486C6052580C9CA64C9 /* framework.plist */ = {isa = PBXFileReference; fileEncoding = 4; lastKnownFileType = text.plist; path = framework.plist; sourceTree = "<group>"; };
		17FD05299734444BF74F330C /* .swiftlint.yml */ = {isa = PBXFileReference; fileEncoding = 4; lastKnownFileType = text.yaml; path = .swiftlint.yml; sourceTree = "<group>"; };
		17FD08622BFAD446528AFE14 /* Observation.swift */ = {isa = PBXFileReference; fileEncoding = 4; lastKnownFileType = sourcecode.swift; path = Observation.swift; sourceTree = "<group>"; };
		17FD08B5C1A96AFAC92038C5 /* .gitignore */ = {isa = PBXFileReference; lastKnownFileType = text; path = .gitignore; sourceTree = "<group>"; };
		17FD0931D64C01B2E117B5BC /* Disposable.swift */ = {isa = PBXFileReference; fileEncoding = 4; lastKnownFileType = sourcecode.swift; path = Disposable.swift; sourceTree = "<group>"; };
		17FD09BB22922D61FF70A075 /* Extension.Foundation.swift */ = {isa = PBXFileReference; fileEncoding = 4; lastKnownFileType = sourcecode.swift; path = Extension.Foundation.swift; sourceTree = "<group>"; };
		17FD0C2E393162A3DDB13D61 /* Property.swift */ = {isa = PBXFileReference; fileEncoding = 4; lastKnownFileType = sourcecode.swift; path = Property.swift; sourceTree = "<group>"; };
		17FD0C9E6F41A30AA4EF6CE3 /* Extension.AppKit.swift */ = {isa = PBXFileReference; fileEncoding = 4; lastKnownFileType = sourcecode.swift; path = Extension.AppKit.swift; sourceTree = "<group>"; };
		17FD0EBE412B4174B99F4FB1 /* Extension.Reactive.swift */ = {isa = PBXFileReference; fileEncoding = 4; lastKnownFileType = sourcecode.swift; path = Extension.Reactive.swift; sourceTree = "<group>"; };
		E6188A9422C7C0880034E471 /* Rex.framework */ = {isa = PBXFileReference; explicitFileType = wrapper.framework; includeInIndex = 0; path = Rex.framework; sourceTree = BUILT_PRODUCTS_DIR; };
		E6188A9D22C7C0880034E471 /* .xctest */ = {isa = PBXFileReference; explicitFileType = wrapper.cfbundle; includeInIndex = 0; name = .xctest; path = "Rex-Test.xctest"; sourceTree = BUILT_PRODUCTS_DIR; };
		E6690F9025AC9A2000DFA311 /* Package.swift */ = {isa = PBXFileReference; lastKnownFileType = sourcecode.swift; path = Package.swift; sourceTree = "<group>"; };
		E690D12F267D1E1B002FD479 /* LICENSE.md */ = {isa = PBXFileReference; lastKnownFileType = net.daringfireball.markdown; path = LICENSE.md; sourceTree = "<group>"; };
		E690D130267D1E1B002FD479 /* Package.resolved */ = {isa = PBXFileReference; lastKnownFileType = text; path = Package.resolved; sourceTree = "<group>"; };
		E690D131267D1E1B002FD479 /* README.md */ = {isa = PBXFileReference; lastKnownFileType = net.daringfireball.markdown; path = README.md; sourceTree = "<group>"; };
		E690D147267D217F002FD479 /* macOS-Application.xcconfig */ = {isa = PBXFileReference; lastKnownFileType = text.xcconfig; path = "macOS-Application.xcconfig"; sourceTree = "<group>"; };
		E690D148267D217F002FD479 /* macOS-Framework.xcconfig */ = {isa = PBXFileReference; lastKnownFileType = text.xcconfig; path = "macOS-Framework.xcconfig"; sourceTree = "<group>"; };
		E690D149267D217F002FD479 /* macOS-StaticLibrary.xcconfig */ = {isa = PBXFileReference; lastKnownFileType = text.xcconfig; path = "macOS-StaticLibrary.xcconfig"; sourceTree = "<group>"; };
		E690D14A267D217F002FD479 /* macOS-Base.xcconfig */ = {isa = PBXFileReference; lastKnownFileType = text.xcconfig; path = "macOS-Base.xcconfig"; sourceTree = "<group>"; };
		E690D14B267D217F002FD479 /* macOS-XCTest.xcconfig */ = {isa = PBXFileReference; lastKnownFileType = text.xcconfig; path = "macOS-XCTest.xcconfig"; sourceTree = "<group>"; };
		E690D14C267D217F002FD479 /* macOS-DynamicLibrary.xcconfig */ = {isa = PBXFileReference; lastKnownFileType = text.xcconfig; path = "macOS-DynamicLibrary.xcconfig"; sourceTree = "<group>"; };
		E690D14E267D218D002FD479 /* Profile.xcconfig */ = {isa = PBXFileReference; lastKnownFileType = text.xcconfig; path = Profile.xcconfig; sourceTree = "<group>"; };
		E690D14F267D218D002FD479 /* Debug.xcconfig */ = {isa = PBXFileReference; lastKnownFileType = text.xcconfig; path = Debug.xcconfig; sourceTree = "<group>"; };
		E690D150267D218D002FD479 /* Release.xcconfig */ = {isa = PBXFileReference; lastKnownFileType = text.xcconfig; path = Release.xcconfig; sourceTree = "<group>"; };
		E690D151267D218D002FD479 /* Test.xcconfig */ = {isa = PBXFileReference; lastKnownFileType = text.xcconfig; path = Test.xcconfig; sourceTree = "<group>"; };
/* End PBXFileReference section */

/* Begin PBXFrameworksBuildPhase section */
		48220B362898615A0092D36C /* Frameworks */ = {
			isa = PBXFrameworksBuildPhase;
			buildActionMask = 2147483647;
			files = (
				485723C42898618D00701FC7 /* ReactiveCocoa in Frameworks */,
				485723C52898618D00701FC7 /* ReactiveSwift in Frameworks */,
			);
			runOnlyForDeploymentPostprocessing = 0;
		};
		E6188A9A22C7C0880034E471 /* Frameworks */ = {
			isa = PBXFrameworksBuildPhase;
			buildActionMask = 2147483647;
			files = (
				E6188A9E22C7C0880034E471 /* Rex.framework in Frameworks */,
				E690D137267D1F2C002FD479 /* Quick in Frameworks */,
				E690D134267D1F12002FD479 /* Nimble in Frameworks */,
			);
			runOnlyForDeploymentPostprocessing = 0;
		};
/* End PBXFrameworksBuildPhase section */

/* Begin PBXGroup section */
		17FD01A216BAA4B6535E71CF /* info */ = {
			isa = PBXGroup;
			children = (
				17FD03D96CD33E1B243C997C /* test.plist */,
				17FD0486C6052580C9CA64C9 /* framework.plist */,
			);
			path = info;
			sourceTree = "<group>";
		};
		17FD04C0CBE1EE65EAEDF024 /* source */ = {
			isa = PBXGroup;
			children = (
				17FD0C4836910118C39DDCC5 /* Test */,
				17FD0931D64C01B2E117B5BC /* Disposable.swift */,
				17FD0C9E6F41A30AA4EF6CE3 /* Extension.AppKit.swift */,
				17FD09BB22922D61FF70A075 /* Extension.Foundation.swift */,
				17FD0EBE412B4174B99F4FB1 /* Extension.Reactive.swift */,
				17FD08622BFAD446528AFE14 /* Observation.swift */,
				17FD0C2E393162A3DDB13D61 /* Property.swift */,
			);
			path = source;
			sourceTree = "<group>";
		};
		17FD06CD2B25A12116504B7D /* accessory */ = {
			isa = PBXGroup;
			children = (
				E690D145267D2164002FD479 /* configuration */,
				17FD01A216BAA4B6535E71CF /* info */,
			);
			path = accessory;
			sourceTree = "<group>";
		};
		17FD0C4836910118C39DDCC5 /* Test */ = {
			isa = PBXGroup;
			children = (
				17FD02F1B3BF33BEB60BABBD /* Test.Property.swift */,
			);
			path = Test;
			sourceTree = "<group>";
		};
		E6188A8722C7BB250034E471 = {
			isa = PBXGroup;
			children = (
				17FD06CD2B25A12116504B7D /* accessory */,
				E6188A9522C7C0880034E471 /* product */,
				17FD04C0CBE1EE65EAEDF024 /* source */,
				17FD08B5C1A96AFAC92038C5 /* .gitignore */,
				17FD05299734444BF74F330C /* .swiftlint.yml */,
				E6690F9025AC9A2000DFA311 /* Package.swift */,
				E690D130267D1E1B002FD479 /* Package.resolved */,
				E690D12F267D1E1B002FD479 /* LICENSE.md */,
				E690D131267D1E1B002FD479 /* README.md */,
			);
			sourceTree = "<group>";
		};
		E6188A9522C7C0880034E471 /* product */ = {
			isa = PBXGroup;
			children = (
				E6188A9422C7C0880034E471 /* Rex.framework */,
				E6188A9D22C7C0880034E471 /* .xctest */,
			);
			name = product;
			sourceTree = "<group>";
		};
		E690D145267D2164002FD479 /* configuration */ = {
			isa = PBXGroup;
			children = (
				E690D14D267D218D002FD479 /* Base */,
				E690D146267D217F002FD479 /* macOS */,
			);
			name = configuration;
			sourceTree = "<group>";
		};
		E690D146267D217F002FD479 /* macOS */ = {
			isa = PBXGroup;
			children = (
				E690D14A267D217F002FD479 /* macOS-Base.xcconfig */,
				E690D149267D217F002FD479 /* macOS-StaticLibrary.xcconfig */,
				E690D14C267D217F002FD479 /* macOS-DynamicLibrary.xcconfig */,
				E690D148267D217F002FD479 /* macOS-Framework.xcconfig */,
				E690D147267D217F002FD479 /* macOS-Application.xcconfig */,
				E690D14B267D217F002FD479 /* macOS-XCTest.xcconfig */,
			);
			name = macOS;
			path = dependency/Git/xcconfigs/macOS;
			sourceTree = SOURCE_ROOT;
		};
		E690D14D267D218D002FD479 /* Base */ = {
			isa = PBXGroup;
			children = (
				E690D14F267D218D002FD479 /* Debug.xcconfig */,
				E690D150267D218D002FD479 /* Release.xcconfig */,
				E690D151267D218D002FD479 /* Test.xcconfig */,
				E690D14E267D218D002FD479 /* Profile.xcconfig */,
			);
			name = Base;
			path = dependency/Git/xcconfigs/Base/Configurations;
			sourceTree = SOURCE_ROOT;
		};
/* End PBXGroup section */

/* Begin PBXNativeTarget section */
		E6188A9322C7C0880034E471 /* Rex */ = {
			isa = PBXNativeTarget;
			buildConfigurationList = E6188AA622C7C0880034E471 /* Build configuration list for PBXNativeTarget "Rex" */;
			buildPhases = (
				E6188A9022C7C0880034E471 /* Sources */,
				48220B362898615A0092D36C /* Frameworks */,
			);
			buildRules = (
			);
			dependencies = (
			);
			name = Rex;
			packageProductDependencies = (
				485CBD5328985EB60029FDA7 /* ReactiveCocoa */,
				48220B3428985F340092D36C /* ReactiveSwift */,
			);
			productName = Rex;
			productReference = E6188A9422C7C0880034E471 /* Rex.framework */;
			productType = "com.apple.product-type.framework";
		};
		E6188A9C22C7C0880034E471 /* Rex-Test */ = {
			isa = PBXNativeTarget;
			buildConfigurationList = E6188AA922C7C0880034E471 /* Build configuration list for PBXNativeTarget "Rex-Test" */;
			buildPhases = (
				E6188A9922C7C0880034E471 /* Sources */,
				E6188A9A22C7C0880034E471 /* Frameworks */,
			);
			buildRules = (
			);
			dependencies = (
				E6188AA022C7C0880034E471 /* PBXTargetDependency */,
			);
			name = "Rex-Test";
			packageProductDependencies = (
				E690D133267D1F12002FD479 /* Nimble */,
				E690D136267D1F2C002FD479 /* Quick */,
			);
			productName = RexTests;
			productReference = E6188A9D22C7C0880034E471 /* .xctest */;
			productType = "com.apple.product-type.bundle.unit-test";
		};
/* End PBXNativeTarget section */

/* Begin PBXProject section */
		E6188A8822C7BB250034E471 /* Project object */ = {
			isa = PBXProject;
			attributes = {
				LastSwiftUpdateCheck = 1020;
				LastUpgradeCheck = 1020;
				TargetAttributes = {
					E6188A9322C7C0880034E471 = {
						CreatedOnToolsVersion = 10.2.1;
					};
					E6188A9C22C7C0880034E471 = {
						CreatedOnToolsVersion = 10.2.1;
					};
				};
			};
			buildConfigurationList = E6188A8B22C7BB250034E471 /* Build configuration list for PBXProject "Rex" */;
			compatibilityVersion = "Xcode 10.0";
			developmentRegion = en;
			hasScannedForEncodings = 0;
			knownRegions = (
				en,
			);
			mainGroup = E6188A8722C7BB250034E471;
			packageReferences = (
				E690D132267D1F12002FD479 /* XCRemoteSwiftPackageReference "Nimble" */,
				E690D135267D1F2C002FD479 /* XCRemoteSwiftPackageReference "Quick" */,
				485CBD5228985EB60029FDA7 /* XCRemoteSwiftPackageReference "ReactiveCocoa" */,
				48220B3328985F340092D36C /* XCRemoteSwiftPackageReference "ReactiveSwift" */,
			);
			productRefGroup = E6188A9522C7C0880034E471 /* product */;
			projectDirPath = "";
			projectRoot = "";
			targets = (
				E6188A9322C7C0880034E471 /* Rex */,
				E6188A9C22C7C0880034E471 /* Rex-Test */,
			);
		};
/* End PBXProject section */

/* Begin PBXSourcesBuildPhase section */
		E6188A9022C7C0880034E471 /* Sources */ = {
			isa = PBXSourcesBuildPhase;
			buildActionMask = 2147483647;
			files = (
				E6690F8925AC992400DFA311 /* Extension.AppKit.swift in Sources */,
				E6690F8725AC992400DFA311 /* Extension.Foundation.swift in Sources */,
				E6690F8825AC992400DFA311 /* Extension.Reactive.swift in Sources */,
				17FD02B47F39DBECF3F5D1F0 /* Observation.swift in Sources */,
				E6690F7B25AC991900DFA311 /* Disposable.swift in Sources */,
				17FD0DE9376496C0EA5DE476 /* Property.swift in Sources */,
			);
			runOnlyForDeploymentPostprocessing = 0;
		};
		E6188A9922C7C0880034E471 /* Sources */ = {
			isa = PBXSourcesBuildPhase;
			buildActionMask = 2147483647;
			files = (
				17FD09C216EAD69BCBEB2924 /* Test.Property.swift in Sources */,
			);
			runOnlyForDeploymentPostprocessing = 0;
		};
/* End PBXSourcesBuildPhase section */

/* Begin PBXTargetDependency section */
		E6188AA022C7C0880034E471 /* PBXTargetDependency */ = {
			isa = PBXTargetDependency;
			target = E6188A9322C7C0880034E471 /* Rex */;
			targetProxy = E6188A9F22C7C0880034E471 /* PBXContainerItemProxy */;
		};
/* End PBXTargetDependency section */

/* Begin XCBuildConfiguration section */
		E6188A8C22C7BB250034E471 /* Debug */ = {
			isa = XCBuildConfiguration;
			baseConfigurationReference = E690D14F267D218D002FD479 /* Debug.xcconfig */;
			buildSettings = {
				DEBUG_INFORMATION_FORMAT = dwarf;
				GCC_TREAT_WARNINGS_AS_ERRORS = NO;
				INFOPLIST_FILE = accessory/info;
				MACOSX_DEPLOYMENT_TARGET = 10.12;
				PRODUCT_BUNDLE_IDENTIFIER = com.swifteroid.rex;
				PRODUCT_NAME = "$(TARGET_NAME)";
				SWIFT_TREAT_WARNINGS_AS_ERRORS = NO;
				SWIFT_VERSION = 5.0;
			};
			name = Debug;
		};
		E6188A8D22C7BB250034E471 /* Release */ = {
			isa = XCBuildConfiguration;
			baseConfigurationReference = E690D150267D218D002FD479 /* Release.xcconfig */;
			buildSettings = {
				GCC_TREAT_WARNINGS_AS_ERRORS = NO;
				INFOPLIST_FILE = accessory/info;
				MACOSX_DEPLOYMENT_TARGET = 10.12;
				PRODUCT_BUNDLE_IDENTIFIER = com.swifteroid.rex;
				PRODUCT_NAME = "$(TARGET_NAME)";
				SWIFT_TREAT_WARNINGS_AS_ERRORS = NO;
				SWIFT_VERSION = 5.0;
			};
			name = Release;
		};
		E6188AA722C7C0880034E471 /* Debug */ = {
			isa = XCBuildConfiguration;
			baseConfigurationReference = E690D148267D217F002FD479 /* macOS-Framework.xcconfig */;
			buildSettings = {
				INFOPLIST_FILE = "$(inherited)/framework.plist";
				MACH_O_TYPE = staticlib;
			};
			name = Debug;
		};
		E6188AA822C7C0880034E471 /* Release */ = {
			isa = XCBuildConfiguration;
			baseConfigurationReference = E690D148267D217F002FD479 /* macOS-Framework.xcconfig */;
			buildSettings = {
				INFOPLIST_FILE = "$(inherited)/framework.plist";
				MACH_O_TYPE = staticlib;
			};
			name = Release;
		};
		E6188AAA22C7C0880034E471 /* Debug */ = {
			isa = XCBuildConfiguration;
			baseConfigurationReference = E690D14B267D217F002FD479 /* macOS-XCTest.xcconfig */;
			buildSettings = {
				INFOPLIST_FILE = "$(inherited)/test.plist";
				PRODUCT_BUNDLE_IDENTIFIER = "$(inherited).test";
			};
			name = Debug;
		};
		E6188AAB22C7C0880034E471 /* Release */ = {
			isa = XCBuildConfiguration;
			baseConfigurationReference = E690D14B267D217F002FD479 /* macOS-XCTest.xcconfig */;
			buildSettings = {
				INFOPLIST_FILE = "$(inherited)/test.plist";
				PRODUCT_BUNDLE_IDENTIFIER = "$(inherited).test";
			};
			name = Release;
		};
/* End XCBuildConfiguration section */

/* Begin XCConfigurationList section */
		E6188A8B22C7BB250034E471 /* Build configuration list for PBXProject "Rex" */ = {
			isa = XCConfigurationList;
			buildConfigurations = (
				E6188A8C22C7BB250034E471 /* Debug */,
				E6188A8D22C7BB250034E471 /* Release */,
			);
			defaultConfigurationIsVisible = 0;
			defaultConfigurationName = Release;
		};
		E6188AA622C7C0880034E471 /* Build configuration list for PBXNativeTarget "Rex" */ = {
			isa = XCConfigurationList;
			buildConfigurations = (
				E6188AA722C7C0880034E471 /* Debug */,
				E6188AA822C7C0880034E471 /* Release */,
			);
			defaultConfigurationIsVisible = 0;
			defaultConfigurationName = Release;
		};
		E6188AA922C7C0880034E471 /* Build configuration list for PBXNativeTarget "Rex-Test" */ = {
			isa = XCConfigurationList;
			buildConfigurations = (
				E6188AAA22C7C0880034E471 /* Debug */,
				E6188AAB22C7C0880034E471 /* Release */,
			);
			defaultConfigurationIsVisible = 0;
			defaultConfigurationName = Release;
		};
/* End XCConfigurationList section */

/* Begin XCRemoteSwiftPackageReference section */
		48220B3328985F340092D36C /* XCRemoteSwiftPackageReference "ReactiveSwift" */ = {
			isa = XCRemoteSwiftPackageReference;
			repositoryURL = "https://github.com/ReactiveCocoa/ReactiveSwift.git";
			requirement = {
				kind = upToNextMajorVersion;
				minimumVersion = 7.0.0;
			};
		};
		485CBD5228985EB60029FDA7 /* XCRemoteSwiftPackageReference "ReactiveCocoa" */ = {
			isa = XCRemoteSwiftPackageReference;
			repositoryURL = "https://github.com/ReactiveCocoa/ReactiveCocoa.git";
			requirement = {
				kind = upToNextMajorVersion;
				minimumVersion = 12.0.0;
			};
		};
		E690D132267D1F12002FD479 /* XCRemoteSwiftPackageReference "Nimble" */ = {
			isa = XCRemoteSwiftPackageReference;
			repositoryURL = "https://github.com/Quick/Nimble.git";
			requirement = {
				kind = upToNextMajorVersion;
				minimumVersion = 10.0.0;
			};
		};
		E690D135267D1F2C002FD479 /* XCRemoteSwiftPackageReference "Quick" */ = {
			isa = XCRemoteSwiftPackageReference;
			repositoryURL = "https://github.com/Quick/Quick.git";
			requirement = {
				kind = upToNextMajorVersion;
				minimumVersion = 5.0.0;
			};
		};
/* End XCRemoteSwiftPackageReference section */

/* Begin XCSwiftPackageProductDependency section */
		48220B3428985F340092D36C /* ReactiveSwift */ = {
			isa = XCSwiftPackageProductDependency;
			package = 48220B3328985F340092D36C /* XCRemoteSwiftPackageReference "ReactiveSwift" */;
			productName = ReactiveSwift;
		};
		485CBD5328985EB60029FDA7 /* ReactiveCocoa */ = {
			isa = XCSwiftPackageProductDependency;
			package = 485CBD5228985EB60029FDA7 /* XCRemoteSwiftPackageReference "ReactiveCocoa" */;
			productName = ReactiveCocoa;
		};
		E690D133267D1F12002FD479 /* Nimble */ = {
			isa = XCSwiftPackageProductDependency;
			package = E690D132267D1F12002FD479 /* XCRemoteSwiftPackageReference "Nimble" */;
			productName = Nimble;
		};
		E690D136267D1F2C002FD479 /* Quick */ = {
			isa = XCSwiftPackageProductDependency;
			package = E690D135267D1F2C002FD479 /* XCRemoteSwiftPackageReference "Quick" */;
			productName = Quick;
		};
/* End XCSwiftPackageProductDependency section */
	};
	rootObject = E6188A8822C7BB250034E471 /* Project object */;
}
